PODS:
  - ContextMenu (0.4.0)
  - GradientButtonSwift (1.0.2)
  - IQKeyboardManagerSwift (6.4.0)

DEPENDENCIES:
  - ContextMenu
  - GradientButtonSwift
  - IQKeyboardManagerSwift

SPEC REPOS:
  https://github.com/cocoapods/specs.git:
    - ContextMenu
    - GradientButtonSwift
    - IQKeyboardManagerSwift

SPEC CHECKSUMS:
  ContextMenu: f835e09a93f1c28c631b76ee94396d9570397fd1
  GradientButtonSwift: b2231f7ccb0d2c817409ca20634f7a430876f7d5
  IQKeyboardManagerSwift: ed9b04ee0e3067ffba543283462d619f944b05e5

PODFILE CHECKSUM: d83341832613bc74e2098fcd67b98331c80088fc

COCOAPODS: 1.7.4
