PODS:
  - FittedSheets (1.4.4)
  - GradientButtonSwift (1.0.2)
  - IQKeyboardManagerSwift (6.4.0)

DEPENDENCIES:
  - FittedSheets
  - GradientButtonSwift
  - IQKeyboardManagerSwift

SPEC REPOS:
  https://github.com/cocoapods/specs.git:
    - FittedSheets
    - GradientButtonSwift
    - IQKeyboardManagerSwift

SPEC CHECKSUMS:
  FittedSheets: f56b96c7bd81585d9a183c2a06abe176fa0b55db
  GradientButtonSwift: b2231f7ccb0d2c817409ca20634f7a430876f7d5
  IQKeyboardManagerSwift: ed9b04ee0e3067ffba543283462d619f944b05e5

PODFILE CHECKSUM: be74ade99a5fce76728f4cc1e0bcec3de80b1506

COCOAPODS: 1.7.4
