// !$*UTF8*$!
{
	archiveVersion = 1;
	classes = {
	};
	objectVersion = 50;
	objects = {

/* Begin PBXBuildFile section */
		21283DFB22CE3EF10000ABE8 /* AppDelegate.swift in Sources */ = {isa = PBXBuildFile; fileRef = 21283DFA22CE3EF10000ABE8 /* AppDelegate.swift */; };
		21283DFD22CE3EF10000ABE8 /* SceneDelegate.swift in Sources */ = {isa = PBXBuildFile; fileRef = 21283DFC22CE3EF10000ABE8 /* SceneDelegate.swift */; };
		21283E0122CE3EF10000ABE8 /* SecondViewController.swift in Sources */ = {isa = PBXBuildFile; fileRef = 21283E0022CE3EF10000ABE8 /* SecondViewController.swift */; };
		21283E0422CE3EF10000ABE8 /* Main.storyboard in Resources */ = {isa = PBXBuildFile; fileRef = 21283E0222CE3EF10000ABE8 /* Main.storyboard */; };
		21283E0622CE3EF20000ABE8 /* Assets.xcassets in Resources */ = {isa = PBXBuildFile; fileRef = 21283E0522CE3EF20000ABE8 /* Assets.xcassets */; };
		21283E0922CE3EF20000ABE8 /* LaunchScreen.storyboard in Resources */ = {isa = PBXBuildFile; fileRef = 21283E0722CE3EF20000ABE8 /* LaunchScreen.storyboard */; };
		21283E1422CE3EF20000ABE8 /* tFuelTests.swift in Sources */ = {isa = PBXBuildFile; fileRef = 21283E1322CE3EF20000ABE8 /* tFuelTests.swift */; };
		21283E1F22CE3EF20000ABE8 /* tFuelUITests.swift in Sources */ = {isa = PBXBuildFile; fileRef = 21283E1E22CE3EF20000ABE8 /* tFuelUITests.swift */; };
		21283E2D22CE3F260000ABE8 /* Home.storyboard in Resources */ = {isa = PBXBuildFile; fileRef = 21283E2C22CE3F260000ABE8 /* Home.storyboard */; };
		21283E2F22CE40850000ABE8 /* Search.storyboard in Resources */ = {isa = PBXBuildFile; fileRef = 21283E2E22CE40850000ABE8 /* Search.storyboard */; };
		21283E3122CE41C10000ABE8 /* Calculate.storyboard in Resources */ = {isa = PBXBuildFile; fileRef = 21283E3022CE41C10000ABE8 /* Calculate.storyboard */; };
		21283E3322CE54830000ABE8 /* Settings.storyboard in Resources */ = {isa = PBXBuildFile; fileRef = 21283E3222CE54830000ABE8 /* Settings.storyboard */; };
		21283E3522CE56C50000ABE8 /* HomeController.swift in Sources */ = {isa = PBXBuildFile; fileRef = 21283E3422CE56C50000ABE8 /* HomeController.swift */; };
		21283E3722CE5BB60000ABE8 /* AlertStruct.swift in Sources */ = {isa = PBXBuildFile; fileRef = 21283E3622CE5BB60000ABE8 /* AlertStruct.swift */; };
/* End PBXBuildFile section */

/* Begin PBXContainerItemProxy section */
		21283E1022CE3EF20000ABE8 /* PBXContainerItemProxy */ = {
			isa = PBXContainerItemProxy;
			containerPortal = 21283DEF22CE3EF00000ABE8 /* Project object */;
			proxyType = 1;
			remoteGlobalIDString = 21283DF622CE3EF10000ABE8;
			remoteInfo = tFuel;
		};
		21283E1B22CE3EF20000ABE8 /* PBXContainerItemProxy */ = {
			isa = PBXContainerItemProxy;
			containerPortal = 21283DEF22CE3EF00000ABE8 /* Project object */;
			proxyType = 1;
			remoteGlobalIDString = 21283DF622CE3EF10000ABE8;
			remoteInfo = tFuel;
		};
/* End PBXContainerItemProxy section */

/* Begin PBXFileReference section */
		21283DF722CE3EF10000ABE8 /* tFuel.app */ = {isa = PBXFileReference; explicitFileType = wrapper.application; includeInIndex = 0; path = tFuel.app; sourceTree = BUILT_PRODUCTS_DIR; };
		21283DFA22CE3EF10000ABE8 /* AppDelegate.swift */ = {isa = PBXFileReference; lastKnownFileType = sourcecode.swift; path = AppDelegate.swift; sourceTree = "<group>"; };
		21283DFC22CE3EF10000ABE8 /* SceneDelegate.swift */ = {isa = PBXFileReference; lastKnownFileType = sourcecode.swift; path = SceneDelegate.swift; sourceTree = "<group>"; };
		21283E0022CE3EF10000ABE8 /* SecondViewController.swift */ = {isa = PBXFileReference; lastKnownFileType = sourcecode.swift; path = SecondViewController.swift; sourceTree = "<group>"; };
		21283E0322CE3EF10000ABE8 /* Base */ = {isa = PBXFileReference; lastKnownFileType = file.storyboard; name = Base; path = Base.lproj/Main.storyboard; sourceTree = "<group>"; };
		21283E0522CE3EF20000ABE8 /* Assets.xcassets */ = {isa = PBXFileReference; lastKnownFileType = folder.assetcatalog; path = Assets.xcassets; sourceTree = "<group>"; };
		21283E0822CE3EF20000ABE8 /* Base */ = {isa = PBXFileReference; lastKnownFileType = file.storyboard; name = Base; path = Base.lproj/LaunchScreen.storyboard; sourceTree = "<group>"; };
		21283E0A22CE3EF20000ABE8 /* Info.plist */ = {isa = PBXFileReference; lastKnownFileType = text.plist.xml; path = Info.plist; sourceTree = "<group>"; };
		21283E0F22CE3EF20000ABE8 /* tFuelTests.xctest */ = {isa = PBXFileReference; explicitFileType = wrapper.cfbundle; includeInIndex = 0; path = tFuelTests.xctest; sourceTree = BUILT_PRODUCTS_DIR; };
		21283E1322CE3EF20000ABE8 /* tFuelTests.swift */ = {isa = PBXFileReference; lastKnownFileType = sourcecode.swift; path = tFuelTests.swift; sourceTree = "<group>"; };
		21283E1522CE3EF20000ABE8 /* Info.plist */ = {isa = PBXFileReference; lastKnownFileType = text.plist.xml; path = Info.plist; sourceTree = "<group>"; };
		21283E1A22CE3EF20000ABE8 /* tFuelUITests.xctest */ = {isa = PBXFileReference; explicitFileType = wrapper.cfbundle; includeInIndex = 0; path = tFuelUITests.xctest; sourceTree = BUILT_PRODUCTS_DIR; };
		21283E1E22CE3EF20000ABE8 /* tFuelUITests.swift */ = {isa = PBXFileReference; lastKnownFileType = sourcecode.swift; path = tFuelUITests.swift; sourceTree = "<group>"; };
		21283E2022CE3EF20000ABE8 /* Info.plist */ = {isa = PBXFileReference; lastKnownFileType = text.plist.xml; path = Info.plist; sourceTree = "<group>"; };
		21283E2C22CE3F260000ABE8 /* Home.storyboard */ = {isa = PBXFileReference; lastKnownFileType = file.storyboard; path = Home.storyboard; sourceTree = "<group>"; };
		21283E2E22CE40850000ABE8 /* Search.storyboard */ = {isa = PBXFileReference; lastKnownFileType = file.storyboard; path = Search.storyboard; sourceTree = "<group>"; };
		21283E3022CE41C10000ABE8 /* Calculate.storyboard */ = {isa = PBXFileReference; lastKnownFileType = file.storyboard; path = Calculate.storyboard; sourceTree = "<group>"; };
		21283E3222CE54830000ABE8 /* Settings.storyboard */ = {isa = PBXFileReference; lastKnownFileType = file.storyboard; path = Settings.storyboard; sourceTree = "<group>"; };
		21283E3422CE56C50000ABE8 /* HomeController.swift */ = {isa = PBXFileReference; lastKnownFileType = sourcecode.swift; path = HomeController.swift; sourceTree = "<group>"; };
		21283E3622CE5BB60000ABE8 /* AlertStruct.swift */ = {isa = PBXFileReference; lastKnownFileType = sourcecode.swift; path = AlertStruct.swift; sourceTree = "<group>"; };
/* End PBXFileReference section */

/* Begin PBXFrameworksBuildPhase section */
		21283DF422CE3EF10000ABE8 /* Frameworks */ = {
			isa = PBXFrameworksBuildPhase;
			buildActionMask = 2147483647;
			files = (
			);
			runOnlyForDeploymentPostprocessing = 0;
		};
		21283E0C22CE3EF20000ABE8 /* Frameworks */ = {
			isa = PBXFrameworksBuildPhase;
			buildActionMask = 2147483647;
			files = (
			);
			runOnlyForDeploymentPostprocessing = 0;
		};
		21283E1722CE3EF20000ABE8 /* Frameworks */ = {
			isa = PBXFrameworksBuildPhase;
			buildActionMask = 2147483647;
			files = (
			);
			runOnlyForDeploymentPostprocessing = 0;
		};
/* End PBXFrameworksBuildPhase section */

/* Begin PBXGroup section */
		21283DEE22CE3EF00000ABE8 = {
			isa = PBXGroup;
			children = (
				21283DF922CE3EF10000ABE8 /* tFuel */,
				21283E1222CE3EF20000ABE8 /* tFuelTests */,
				21283E1D22CE3EF20000ABE8 /* tFuelUITests */,
				21283DF822CE3EF10000ABE8 /* Products */,
			);
			sourceTree = "<group>";
		};
		21283DF822CE3EF10000ABE8 /* Products */ = {
			isa = PBXGroup;
			children = (
				21283DF722CE3EF10000ABE8 /* tFuel.app */,
				21283E0F22CE3EF20000ABE8 /* tFuelTests.xctest */,
				21283E1A22CE3EF20000ABE8 /* tFuelUITests.xctest */,
			);
			name = Products;
			sourceTree = "<group>";
		};
		21283DF922CE3EF10000ABE8 /* tFuel */ = {
			isa = PBXGroup;
			children = (
				21283DFA22CE3EF10000ABE8 /* AppDelegate.swift */,
				21283DFC22CE3EF10000ABE8 /* SceneDelegate.swift */,
				21283E0022CE3EF10000ABE8 /* SecondViewController.swift */,
				21283E0222CE3EF10000ABE8 /* Main.storyboard */,
				21283E3222CE54830000ABE8 /* Settings.storyboard */,
				21283E3022CE41C10000ABE8 /* Calculate.storyboard */,
				21283E2E22CE40850000ABE8 /* Search.storyboard */,
				21283E2C22CE3F260000ABE8 /* Home.storyboard */,
				21283E3622CE5BB60000ABE8 /* AlertStruct.swift */,
				21283E3422CE56C50000ABE8 /* HomeController.swift */,
				21283E0522CE3EF20000ABE8 /* Assets.xcassets */,
				21283E0722CE3EF20000ABE8 /* LaunchScreen.storyboard */,
				21283E0A22CE3EF20000ABE8 /* Info.plist */,
			);
			path = tFuel;
			sourceTree = "<group>";
		};
		21283E1222CE3EF20000ABE8 /* tFuelTests */ = {
			isa = PBXGroup;
			children = (
				21283E1322CE3EF20000ABE8 /* tFuelTests.swift */,
				21283E1522CE3EF20000ABE8 /* Info.plist */,
			);
			path = tFuelTests;
			sourceTree = "<group>";
		};
		21283E1D22CE3EF20000ABE8 /* tFuelUITests */ = {
			isa = PBXGroup;
			children = (
				21283E1E22CE3EF20000ABE8 /* tFuelUITests.swift */,
				21283E2022CE3EF20000ABE8 /* Info.plist */,
			);
			path = tFuelUITests;
			sourceTree = "<group>";
		};
/* End PBXGroup section */

/* Begin PBXNativeTarget section */
		21283DF622CE3EF10000ABE8 /* tFuel */ = {
			isa = PBXNativeTarget;
			buildConfigurationList = 21283E2322CE3EF20000ABE8 /* Build configuration list for PBXNativeTarget "tFuel" */;
			buildPhases = (
				21283DF322CE3EF10000ABE8 /* Sources */,
				21283DF422CE3EF10000ABE8 /* Frameworks */,
				21283DF522CE3EF10000ABE8 /* Resources */,
			);
			buildRules = (
			);
			dependencies = (
			);
			name = tFuel;
			productName = tFuel;
			productReference = 21283DF722CE3EF10000ABE8 /* tFuel.app */;
			productType = "com.apple.product-type.application";
		};
		21283E0E22CE3EF20000ABE8 /* tFuelTests */ = {
			isa = PBXNativeTarget;
			buildConfigurationList = 21283E2622CE3EF20000ABE8 /* Build configuration list for PBXNativeTarget "tFuelTests" */;
			buildPhases = (
				21283E0B22CE3EF20000ABE8 /* Sources */,
				21283E0C22CE3EF20000ABE8 /* Frameworks */,
				21283E0D22CE3EF20000ABE8 /* Resources */,
			);
			buildRules = (
			);
			dependencies = (
				21283E1122CE3EF20000ABE8 /* PBXTargetDependency */,
			);
			name = tFuelTests;
			productName = tFuelTests;
			productReference = 21283E0F22CE3EF20000ABE8 /* tFuelTests.xctest */;
			productType = "com.apple.product-type.bundle.unit-test";
		};
		21283E1922CE3EF20000ABE8 /* tFuelUITests */ = {
			isa = PBXNativeTarget;
			buildConfigurationList = 21283E2922CE3EF20000ABE8 /* Build configuration list for PBXNativeTarget "tFuelUITests" */;
			buildPhases = (
				21283E1622CE3EF20000ABE8 /* Sources */,
				21283E1722CE3EF20000ABE8 /* Frameworks */,
				21283E1822CE3EF20000ABE8 /* Resources */,
			);
			buildRules = (
			);
			dependencies = (
				21283E1C22CE3EF20000ABE8 /* PBXTargetDependency */,
			);
			name = tFuelUITests;
			productName = tFuelUITests;
			productReference = 21283E1A22CE3EF20000ABE8 /* tFuelUITests.xctest */;
			productType = "com.apple.product-type.bundle.ui-testing";
		};
/* End PBXNativeTarget section */

/* Begin PBXProject section */
		21283DEF22CE3EF00000ABE8 /* Project object */ = {
			isa = PBXProject;
			attributes = {
				LastSwiftUpdateCheck = 1100;
				LastUpgradeCheck = 1100;
				ORGANIZATIONNAME = "Riccardo Mores";
				TargetAttributes = {
					21283DF622CE3EF10000ABE8 = {
						CreatedOnToolsVersion = 11.0;
					};
					21283E0E22CE3EF20000ABE8 = {
						CreatedOnToolsVersion = 11.0;
						TestTargetID = 21283DF622CE3EF10000ABE8;
					};
					21283E1922CE3EF20000ABE8 = {
						CreatedOnToolsVersion = 11.0;
						TestTargetID = 21283DF622CE3EF10000ABE8;
					};
				};
			};
			buildConfigurationList = 21283DF222CE3EF00000ABE8 /* Build configuration list for PBXProject "tFuel" */;
			compatibilityVersion = "Xcode 9.3";
			developmentRegion = en;
			hasScannedForEncodings = 0;
			knownRegions = (
				en,
				Base,
			);
			mainGroup = 21283DEE22CE3EF00000ABE8;
			productRefGroup = 21283DF822CE3EF10000ABE8 /* Products */;
			projectDirPath = "";
			projectRoot = "";
			targets = (
				21283DF622CE3EF10000ABE8 /* tFuel */,
				21283E0E22CE3EF20000ABE8 /* tFuelTests */,
				21283E1922CE3EF20000ABE8 /* tFuelUITests */,
			);
		};
/* End PBXProject section */

/* Begin PBXResourcesBuildPhase section */
		21283DF522CE3EF10000ABE8 /* Resources */ = {
			isa = PBXResourcesBuildPhase;
			buildActionMask = 2147483647;
			files = (
				21283E0922CE3EF20000ABE8 /* LaunchScreen.storyboard in Resources */,
				21283E3122CE41C10000ABE8 /* Calculate.storyboard in Resources */,
				21283E0622CE3EF20000ABE8 /* Assets.xcassets in Resources */,
				21283E0422CE3EF10000ABE8 /* Main.storyboard in Resources */,
				21283E2D22CE3F260000ABE8 /* Home.storyboard in Resources */,
				21283E2F22CE40850000ABE8 /* Search.storyboard in Resources */,
				21283E3322CE54830000ABE8 /* Settings.storyboard in Resources */,
			);
			runOnlyForDeploymentPostprocessing = 0;
		};
		21283E0D22CE3EF20000ABE8 /* Resources */ = {
			isa = PBXResourcesBuildPhase;
			buildActionMask = 2147483647;
			files = (
			);
			runOnlyForDeploymentPostprocessing = 0;
		};
		21283E1822CE3EF20000ABE8 /* Resources */ = {
			isa = PBXResourcesBuildPhase;
			buildActionMask = 2147483647;
			files = (
			);
			runOnlyForDeploymentPostprocessing = 0;
		};
/* End PBXResourcesBuildPhase section */

/* Begin PBXSourcesBuildPhase section */
		21283DF322CE3EF10000ABE8 /* Sources */ = {
			isa = PBXSourcesBuildPhase;
			buildActionMask = 2147483647;
			files = (
				21283E3522CE56C50000ABE8 /* HomeController.swift in Sources */,
				21283E0122CE3EF10000ABE8 /* SecondViewController.swift in Sources */,
				21283E3722CE5BB60000ABE8 /* AlertStruct.swift in Sources */,
				21283DFB22CE3EF10000ABE8 /* AppDelegate.swift in Sources */,
				21283DFD22CE3EF10000ABE8 /* SceneDelegate.swift in Sources */,
			);
			runOnlyForDeploymentPostprocessing = 0;
		};
		21283E0B22CE3EF20000ABE8 /* Sources */ = {
			isa = PBXSourcesBuildPhase;
			buildActionMask = 2147483647;
			files = (
				21283E1422CE3EF20000ABE8 /* tFuelTests.swift in Sources */,
			);
			runOnlyForDeploymentPostprocessing = 0;
		};
		21283E1622CE3EF20000ABE8 /* Sources */ = {
			isa = PBXSourcesBuildPhase;
			buildActionMask = 2147483647;
			files = (
				21283E1F22CE3EF20000ABE8 /* tFuelUITests.swift in Sources */,
			);
			runOnlyForDeploymentPostprocessing = 0;
		};
/* End PBXSourcesBuildPhase section */

/* Begin PBXTargetDependency section */
		21283E1122CE3EF20000ABE8 /* PBXTargetDependency */ = {
			isa = PBXTargetDependency;
			target = 21283DF622CE3EF10000ABE8 /* tFuel */;
			targetProxy = 21283E1022CE3EF20000ABE8 /* PBXContainerItemProxy */;
		};
		21283E1C22CE3EF20000ABE8 /* PBXTargetDependency */ = {
			isa = PBXTargetDependency;
			target = 21283DF622CE3EF10000ABE8 /* tFuel */;
			targetProxy = 21283E1B22CE3EF20000ABE8 /* PBXContainerItemProxy */;
		};
/* End PBXTargetDependency section */

/* Begin PBXVariantGroup section */
		21283E0222CE3EF10000ABE8 /* Main.storyboard */ = {
			isa = PBXVariantGroup;
			children = (
				21283E0322CE3EF10000ABE8 /* Base */,
			);
			name = Main.storyboard;
			sourceTree = "<group>";
		};
		21283E0722CE3EF20000ABE8 /* LaunchScreen.storyboard */ = {
			isa = PBXVariantGroup;
			children = (
				21283E0822CE3EF20000ABE8 /* Base */,
			);
			name = LaunchScreen.storyboard;
			sourceTree = "<group>";
		};
/* End PBXVariantGroup section */

/* Begin XCBuildConfiguration section */
		21283E2122CE3EF20000ABE8 /* Debug */ = {
			isa = XCBuildConfiguration;
			buildSettings = {
				ALWAYS_SEARCH_USER_PATHS = NO;
				CLANG_ANALYZER_NONNULL = YES;
				CLANG_ANALYZER_NUMBER_OBJECT_CONVERSION = YES_AGGRESSIVE;
				CLANG_CXX_LANGUAGE_STANDARD = "gnu++14";
				CLANG_CXX_LIBRARY = "libc++";
				CLANG_ENABLE_MODULES = YES;
				CLANG_ENABLE_OBJC_ARC = YES;
				CLANG_ENABLE_OBJC_WEAK = YES;
				CLANG_WARN_BLOCK_CAPTURE_AUTORELEASING = YES;
				CLANG_WARN_BOOL_CONVERSION = YES;
				CLANG_WARN_COMMA = YES;
				CLANG_WARN_CONSTANT_CONVERSION = YES;
				CLANG_WARN_DEPRECATED_OBJC_IMPLEMENTATIONS = YES;
				CLANG_WARN_DIRECT_OBJC_ISA_USAGE = YES_ERROR;
				CLANG_WARN_DOCUMENTATION_COMMENTS = YES;
				CLANG_WARN_EMPTY_BODY = YES;
				CLANG_WARN_ENUM_CONVERSION = YES;
				CLANG_WARN_INFINITE_RECURSION = YES;
				CLANG_WARN_INT_CONVERSION = YES;
				CLANG_WARN_NON_LITERAL_NULL_CONVERSION = YES;
				CLANG_WARN_OBJC_IMPLICIT_RETAIN_SELF = YES;
				CLANG_WARN_OBJC_LITERAL_CONVERSION = YES;
				CLANG_WARN_OBJC_ROOT_CLASS = YES_ERROR;
				CLANG_WARN_RANGE_LOOP_ANALYSIS = YES;
				CLANG_WARN_STRICT_PROTOTYPES = YES;
				CLANG_WARN_SUSPICIOUS_MOVE = YES;
				CLANG_WARN_UNGUARDED_AVAILABILITY = YES_AGGRESSIVE;
				CLANG_WARN_UNREACHABLE_CODE = YES;
				CLANG_WARN__DUPLICATE_METHOD_MATCH = YES;
				COPY_PHASE_STRIP = NO;
				DEBUG_INFORMATION_FORMAT = dwarf;
				ENABLE_STRICT_OBJC_MSGSEND = YES;
				ENABLE_TESTABILITY = YES;
				GCC_C_LANGUAGE_STANDARD = gnu11;
				GCC_DYNAMIC_NO_PIC = NO;
				GCC_NO_COMMON_BLOCKS = YES;
				GCC_OPTIMIZATION_LEVEL = 0;
				GCC_PREPROCESSOR_DEFINITIONS = (
					"DEBUG=1",
					"$(inherited)",
				);
				GCC_WARN_64_TO_32_BIT_CONVERSION = YES;
				GCC_WARN_ABOUT_RETURN_TYPE = YES_ERROR;
				GCC_WARN_UNDECLARED_SELECTOR = YES;
				GCC_WARN_UNINITIALIZED_AUTOS = YES_AGGRESSIVE;
				GCC_WARN_UNUSED_FUNCTION = YES;
				GCC_WARN_UNUSED_VARIABLE = YES;
				IPHONEOS_DEPLOYMENT_TARGET = 13.0;
				MTL_ENABLE_DEBUG_INFO = INCLUDE_SOURCE;
				MTL_FAST_MATH = YES;
				ONLY_ACTIVE_ARCH = YES;
				SDKROOT = iphoneos;
				SWIFT_ACTIVE_COMPILATION_CONDITIONS = DEBUG;
				SWIFT_OPTIMIZATION_LEVEL = "-Onone";
			};
			name = Debug;
		};
		21283E2222CE3EF20000ABE8 /* Release */ = {
			isa = XCBuildConfiguration;
			buildSettings = {
				ALWAYS_SEARCH_USER_PATHS = NO;
				CLANG_ANALYZER_NONNULL = YES;
				CLANG_ANALYZER_NUMBER_OBJECT_CONVERSION = YES_AGGRESSIVE;
				CLANG_CXX_LANGUAGE_STANDARD = "gnu++14";
				CLANG_CXX_LIBRARY = "libc++";
				CLANG_ENABLE_MODULES = YES;
				CLANG_ENABLE_OBJC_ARC = YES;
				CLANG_ENABLE_OBJC_WEAK = YES;
				CLANG_WARN_BLOCK_CAPTURE_AUTORELEASING = YES;
				CLANG_WARN_BOOL_CONVERSION = YES;
				CLANG_WARN_COMMA = YES;
				CLANG_WARN_CONSTANT_CONVERSION = YES;
				CLANG_WARN_DEPRECATED_OBJC_IMPLEMENTATIONS = YES;
				CLANG_WARN_DIRECT_OBJC_ISA_USAGE = YES_ERROR;
				CLANG_WARN_DOCUMENTATION_COMMENTS = YES;
				CLANG_WARN_EMPTY_BODY = YES;
				CLANG_WARN_ENUM_CONVERSION = YES;
				CLANG_WARN_INFINITE_RECURSION = YES;
				CLANG_WARN_INT_CONVERSION = YES;
				CLANG_WARN_NON_LITERAL_NULL_CONVERSION = YES;
				CLANG_WARN_OBJC_IMPLICIT_RETAIN_SELF = YES;
				CLANG_WARN_OBJC_LITERAL_CONVERSION = YES;
				CLANG_WARN_OBJC_ROOT_CLASS = YES_ERROR;
				CLANG_WARN_RANGE_LOOP_ANALYSIS = YES;
				CLANG_WARN_STRICT_PROTOTYPES = YES;
				CLANG_WARN_SUSPICIOUS_MOVE = YES;
				CLANG_WARN_UNGUARDED_AVAILABILITY = YES_AGGRESSIVE;
				CLANG_WARN_UNREACHABLE_CODE = YES;
				CLANG_WARN__DUPLICATE_METHOD_MATCH = YES;
				COPY_PHASE_STRIP = NO;
				DEBUG_INFORMATION_FORMAT = "dwarf-with-dsym";
				ENABLE_NS_ASSERTIONS = NO;
				ENABLE_STRICT_OBJC_MSGSEND = YES;
				GCC_C_LANGUAGE_STANDARD = gnu11;
				GCC_NO_COMMON_BLOCKS = YES;
				GCC_WARN_64_TO_32_BIT_CONVERSION = YES;
				GCC_WARN_ABOUT_RETURN_TYPE = YES_ERROR;
				GCC_WARN_UNDECLARED_SELECTOR = YES;
				GCC_WARN_UNINITIALIZED_AUTOS = YES_AGGRESSIVE;
				GCC_WARN_UNUSED_FUNCTION = YES;
				GCC_WARN_UNUSED_VARIABLE = YES;
				IPHONEOS_DEPLOYMENT_TARGET = 13.0;
				MTL_ENABLE_DEBUG_INFO = NO;
				MTL_FAST_MATH = YES;
				SDKROOT = iphoneos;
				SWIFT_COMPILATION_MODE = wholemodule;
				SWIFT_OPTIMIZATION_LEVEL = "-O";
				VALIDATE_PRODUCT = YES;
			};
			name = Release;
		};
		21283E2422CE3EF20000ABE8 /* Debug */ = {
			isa = XCBuildConfiguration;
			buildSettings = {
				ASSETCATALOG_COMPILER_APPICON_NAME = AppIcon;
				CODE_SIGN_STYLE = Automatic;
				DEVELOPMENT_TEAM = Q84HB5733Y;
				INFOPLIST_FILE = tFuel/Info.plist;
				LD_RUNPATH_SEARCH_PATHS = (
					"$(inherited)",
					"@executable_path/Frameworks",
				);
				PRODUCT_BUNDLE_IDENTIFIER = riccardomores.tFuel;
				PRODUCT_NAME = "$(TARGET_NAME)";
				SWIFT_VERSION = 5.0;
				TARGETED_DEVICE_FAMILY = 1;
			};
			name = Debug;
		};
		21283E2522CE3EF20000ABE8 /* Release */ = {
			isa = XCBuildConfiguration;
			buildSettings = {
				ASSETCATALOG_COMPILER_APPICON_NAME = AppIcon;
				CODE_SIGN_STYLE = Automatic;
				DEVELOPMENT_TEAM = Q84HB5733Y;
				INFOPLIST_FILE = tFuel/Info.plist;
				LD_RUNPATH_SEARCH_PATHS = (
					"$(inherited)",
					"@executable_path/Frameworks",
				);
				PRODUCT_BUNDLE_IDENTIFIER = riccardomores.tFuel;
				PRODUCT_NAME = "$(TARGET_NAME)";
				SWIFT_VERSION = 5.0;
				TARGETED_DEVICE_FAMILY = 1;
			};
			name = Release;
		};
		21283E2722CE3EF20000ABE8 /* Debug */ = {
			isa = XCBuildConfiguration;
			buildSettings = {
				ALWAYS_EMBED_SWIFT_STANDARD_LIBRARIES = YES;
				BUNDLE_LOADER = "$(TEST_HOST)";
				CODE_SIGN_STYLE = Automatic;
				DEVELOPMENT_TEAM = Q84HB5733Y;
				INFOPLIST_FILE = tFuelTests/Info.plist;
				LD_RUNPATH_SEARCH_PATHS = (
					"$(inherited)",
					"@executable_path/Frameworks",
					"@loader_path/Frameworks",
				);
				PRODUCT_BUNDLE_IDENTIFIER = riccardomores.tFuelTests;
				PRODUCT_NAME = "$(TARGET_NAME)";
				SWIFT_VERSION = 5.0;
				TARGETED_DEVICE_FAMILY = "1,2";
				TEST_HOST = "$(BUILT_PRODUCTS_DIR)/tFuel.app/tFuel";
			};
			name = Debug;
		};
		21283E2822CE3EF20000ABE8 /* Release */ = {
			isa = XCBuildConfiguration;
			buildSettings = {
				ALWAYS_EMBED_SWIFT_STANDARD_LIBRARIES = YES;
				BUNDLE_LOADER = "$(TEST_HOST)";
				CODE_SIGN_STYLE = Automatic;
				DEVELOPMENT_TEAM = Q84HB5733Y;
				INFOPLIST_FILE = tFuelTests/Info.plist;
				LD_RUNPATH_SEARCH_PATHS = (
					"$(inherited)",
					"@executable_path/Frameworks",
					"@loader_path/Frameworks",
				);
				PRODUCT_BUNDLE_IDENTIFIER = riccardomores.tFuelTests;
				PRODUCT_NAME = "$(TARGET_NAME)";
				SWIFT_VERSION = 5.0;
				TARGETED_DEVICE_FAMILY = "1,2";
				TEST_HOST = "$(BUILT_PRODUCTS_DIR)/tFuel.app/tFuel";
			};
			name = Release;
		};
		21283E2A22CE3EF20000ABE8 /* Debug */ = {
			isa = XCBuildConfiguration;
			buildSettings = {
				ALWAYS_EMBED_SWIFT_STANDARD_LIBRARIES = YES;
				CODE_SIGN_STYLE = Automatic;
				DEVELOPMENT_TEAM = Q84HB5733Y;
				INFOPLIST_FILE = tFuelUITests/Info.plist;
				LD_RUNPATH_SEARCH_PATHS = (
					"$(inherited)",
					"@executable_path/Frameworks",
					"@loader_path/Frameworks",
				);
				PRODUCT_BUNDLE_IDENTIFIER = riccardomores.tFuelUITests;
				PRODUCT_NAME = "$(TARGET_NAME)";
				SWIFT_VERSION = 5.0;
				TARGETED_DEVICE_FAMILY = "1,2";
				TEST_TARGET_NAME = tFuel;
			};
			name = Debug;
		};
		21283E2B22CE3EF20000ABE8 /* Release */ = {
			isa = XCBuildConfiguration;
			buildSettings = {
				ALWAYS_EMBED_SWIFT_STANDARD_LIBRARIES = YES;
				CODE_SIGN_STYLE = Automatic;
				DEVELOPMENT_TEAM = Q84HB5733Y;
				INFOPLIST_FILE = tFuelUITests/Info.plist;
				LD_RUNPATH_SEARCH_PATHS = (
					"$(inherited)",
					"@executable_path/Frameworks",
					"@loader_path/Frameworks",
				);
				PRODUCT_BUNDLE_IDENTIFIER = riccardomores.tFuelUITests;
				PRODUCT_NAME = "$(TARGET_NAME)";
				SWIFT_VERSION = 5.0;
				TARGETED_DEVICE_FAMILY = "1,2";
				TEST_TARGET_NAME = tFuel;
			};
			name = Release;
		};
/* End XCBuildConfiguration section */

/* Begin XCConfigurationList section */
		21283DF222CE3EF00000ABE8 /* Build configuration list for PBXProject "tFuel" */ = {
			isa = XCConfigurationList;
			buildConfigurations = (
				21283E2122CE3EF20000ABE8 /* Debug */,
				21283E2222CE3EF20000ABE8 /* Release */,
			);
			defaultConfigurationIsVisible = 0;
			defaultConfigurationName = Release;
		};
		21283E2322CE3EF20000ABE8 /* Build configuration list for PBXNativeTarget "tFuel" */ = {
			isa = XCConfigurationList;
			buildConfigurations = (
				21283E2422CE3EF20000ABE8 /* Debug */,
				21283E2522CE3EF20000ABE8 /* Release */,
			);
			defaultConfigurationIsVisible = 0;
			defaultConfigurationName = Release;
		};
		21283E2622CE3EF20000ABE8 /* Build configuration list for PBXNativeTarget "tFuelTests" */ = {
			isa = XCConfigurationList;
			buildConfigurations = (
				21283E2722CE3EF20000ABE8 /* Debug */,
				21283E2822CE3EF20000ABE8 /* Release */,
			);
			defaultConfigurationIsVisible = 0;
			defaultConfigurationName = Release;
		};
		21283E2922CE3EF20000ABE8 /* Build configuration list for PBXNativeTarget "tFuelUITests" */ = {
			isa = XCConfigurationList;
			buildConfigurations = (
				21283E2A22CE3EF20000ABE8 /* Debug */,
				21283E2B22CE3EF20000ABE8 /* Release */,
			);
			defaultConfigurationIsVisible = 0;
			defaultConfigurationName = Release;
		};
/* End XCConfigurationList section */
	};
	rootObject = 21283DEF22CE3EF00000ABE8 /* Project object */;
}
